
Microsoft Visual Studio Solution File, Format Version 12.00
# Visual Studio 14
VisualStudioVersion = 14.0.25420.1
MinimumVisualStudioVersion = 10.0.40219.1
Project("{F184B08F-C81C-45F6-A57F-5ABD9991F28F}") = "TESCO-TMS", "TESCO-TMS\TESCO-TMS.vbproj", "{CD8E53D2-B177-494B-AE08-1CEEF98E43D7}"
EndProject
Project("{FAE04EC0-301F-11D3-BF4B-00C04F79EFBC}") = "ConvertCourseAgent", "ConvertCourseAgent\ConvertCourseAgent.csproj", "{DCB9AFB2-1034-4242-9B1C-7F1C1148DA96}"
EndProject
Project("{F184B08F-C81C-45F6-A57F-5ABD9991F28F}") = "Engine", "Engine\Engine.vbproj", "{60864E80-CA75-42D8-B519-36751A9919DC}"
EndProject
Project("{F184B08F-C81C-45F6-A57F-5ABD9991F28F}") = "LinqDB", "LinqDB\LinqDB.vbproj", "{631D831B-7E5A-44E4-A947-4CB0CB9F35AD}"
EndProject
Project("{F184B08F-C81C-45F6-A57F-5ABD9991F28F}") = "GenerateLinqDB", "GenerateLinqDB\GenerateLinqDB\GenerateLinqDB.vbproj", "{F5B343D2-C970-4351-826E-F26A2422CECD}"
EndProject
Global
	GlobalSection(SolutionConfigurationPlatforms) = preSolution
		Debug|Any CPU = Debug|Any CPU
		Release|Any CPU = Release|Any CPU
	EndGlobalSection
	GlobalSection(ProjectConfigurationPlatforms) = postSolution
		{CD8E53D2-B177-494B-AE08-1CEEF98E43D7}.Debug|Any CPU.ActiveCfg = Debug|Any CPU
		{CD8E53D2-B177-494B-AE08-1CEEF98E43D7}.Debug|Any CPU.Build.0 = Debug|Any CPU
		{CD8E53D2-B177-494B-AE08-1CEEF98E43D7}.Release|Any CPU.ActiveCfg = Release|Any CPU
		{CD8E53D2-B177-494B-AE08-1CEEF98E43D7}.Release|Any CPU.Build.0 = Release|Any CPU
		{DCB9AFB2-1034-4242-9B1C-7F1C1148DA96}.Debug|Any CPU.ActiveCfg = Debug|Any CPU
		{DCB9AFB2-1034-4242-9B1C-7F1C1148DA96}.Debug|Any CPU.Build.0 = Debug|Any CPU
		{DCB9AFB2-1034-4242-9B1C-7F1C1148DA96}.Release|Any CPU.ActiveCfg = Release|Any CPU
		{DCB9AFB2-1034-4242-9B1C-7F1C1148DA96}.Release|Any CPU.Build.0 = Release|Any CPU
		{60864E80-CA75-42D8-B519-36751A9919DC}.Debug|Any CPU.ActiveCfg = Debug|Any CPU
		{60864E80-CA75-42D8-B519-36751A9919DC}.Debug|Any CPU.Build.0 = Debug|Any CPU
		{60864E80-CA75-42D8-B519-36751A9919DC}.Release|Any CPU.ActiveCfg = Release|Any CPU
		{60864E80-CA75-42D8-B519-36751A9919DC}.Release|Any CPU.Build.0 = Release|Any CPU
		{631D831B-7E5A-44E4-A947-4CB0CB9F35AD}.Debug|Any CPU.ActiveCfg = Debug|Any CPU
		{631D831B-7E5A-44E4-A947-4CB0CB9F35AD}.Debug|Any CPU.Build.0 = Debug|Any CPU
		{631D831B-7E5A-44E4-A947-4CB0CB9F35AD}.Release|Any CPU.ActiveCfg = Release|Any CPU
		{631D831B-7E5A-44E4-A947-4CB0CB9F35AD}.Release|Any CPU.Build.0 = Release|Any CPU
		{F5B343D2-C970-4351-826E-F26A2422CECD}.Debug|Any CPU.ActiveCfg = Debug|Any CPU
		{F5B343D2-C970-4351-826E-F26A2422CECD}.Debug|Any CPU.Build.0 = Debug|Any CPU
		{F5B343D2-C970-4351-826E-F26A2422CECD}.Release|Any CPU.ActiveCfg = Release|Any CPU
		{F5B343D2-C970-4351-826E-F26A2422CECD}.Release|Any CPU.Build.0 = Release|Any CPU
	EndGlobalSection
	GlobalSection(SolutionProperties) = preSolution
		HideSolutionNode = FALSE
	EndGlobalSection
EndGlobal
