
Microsoft Visual Studio Solution File, Format Version 12.00
# Visual Studio 14
VisualStudioVersion = 14.0.24720.0
MinimumVisualStudioVersion = 10.0.40219.1
Project("{F184B08F-C81C-45F6-A57F-5ABD9991F28F}") = "LinqDB", "LinqDB\LinqDB.vbproj", "{8BEE2539-B0DF-43B3-932B-938F8FA1BF04}"
EndProject
Project("{F184B08F-C81C-45F6-A57F-5ABD9991F28F}") = "GenerateLinqDB", "GenerateLinqDB\GenerateLinqDB.vbproj", "{F5B343D2-C970-4351-826E-F26A2422CECD}"
EndProject
Global
	GlobalSection(SolutionConfigurationPlatforms) = preSolution
		Debug|Any CPU = Debug|Any CPU
		Release|Any CPU = Release|Any CPU
	EndGlobalSection
	GlobalSection(ProjectConfigurationPlatforms) = postSolution
		{8BEE2539-B0DF-43B3-932B-938F8FA1BF04}.Debug|Any CPU.ActiveCfg = Debug|Any CPU
		{8BEE2539-B0DF-43B3-932B-938F8FA1BF04}.Debug|Any CPU.Build.0 = Debug|Any CPU
		{8BEE2539-B0DF-43B3-932B-938F8FA1BF04}.Release|Any CPU.ActiveCfg = Release|Any CPU
		{8BEE2539-B0DF-43B3-932B-938F8FA1BF04}.Release|Any CPU.Build.0 = Release|Any CPU
		{F5B343D2-C970-4351-826E-F26A2422CECD}.Debug|Any CPU.ActiveCfg = Debug|Any CPU
		{F5B343D2-C970-4351-826E-F26A2422CECD}.Debug|Any CPU.Build.0 = Debug|Any CPU
		{F5B343D2-C970-4351-826E-F26A2422CECD}.Release|Any CPU.ActiveCfg = Release|Any CPU
		{F5B343D2-C970-4351-826E-F26A2422CECD}.Release|Any CPU.Build.0 = Release|Any CPU
	EndGlobalSection
	GlobalSection(SolutionProperties) = preSolution
		HideSolutionNode = FALSE
	EndGlobalSection
EndGlobal
